
Microsoft Visual Studio Solution File, Format Version 12.00
# Visual Studio Version 17
VisualStudioVersion = 17.4.33122.133
MinimumVisualStudioVersion = 10.0.40219.1
Project("{FAE04EC0-301F-11D3-BF4B-00C04F79EFBC}") = "ChatService.API", "ChatService.API\ChatService.API.csproj", "{447D84A9-B5CF-4221-AB29-B2585789ACB4}"
EndProject
Project("{FAE04EC0-301F-11D3-BF4B-00C04F79EFBC}") = "ChatService.Core", "ChatService.Core\ChatService.Core.csproj", "{44D0DD78-2711-46F5-853A-697E9B28469F}"
EndProject
Project("{FAE04EC0-301F-11D3-BF4B-00C04F79EFBC}") = "ChatService.Infrastructure", "ChatService.Infrastructure\ChatService.Infrastructure.csproj", "{B20AC941-1D61-4FE4-AA4D-2EEC70398F38}"
EndProject
Global
	GlobalSection(SolutionConfigurationPlatforms) = preSolution
		Debug|Any CPU = Debug|Any CPU
		Release|Any CPU = Release|Any CPU
	EndGlobalSection
	GlobalSection(ProjectConfigurationPlatforms) = postSolution
		{447D84A9-B5CF-4221-AB29-B2585789ACB4}.Debug|Any CPU.ActiveCfg = Debug|Any CPU
		{447D84A9-B5CF-4221-AB29-B2585789ACB4}.Debug|Any CPU.Build.0 = Debug|Any CPU
		{447D84A9-B5CF-4221-AB29-B2585789ACB4}.Release|Any CPU.ActiveCfg = Release|Any CPU
		{447D84A9-B5CF-4221-AB29-B2585789ACB4}.Release|Any CPU.Build.0 = Release|Any CPU
		{44D0DD78-2711-46F5-853A-697E9B28469F}.Debug|Any CPU.ActiveCfg = Debug|Any CPU
		{44D0DD78-2711-46F5-853A-697E9B28469F}.Debug|Any CPU.Build.0 = Debug|Any CPU
		{44D0DD78-2711-46F5-853A-697E9B28469F}.Release|Any CPU.ActiveCfg = Release|Any CPU
		{44D0DD78-2711-46F5-853A-697E9B28469F}.Release|Any CPU.Build.0 = Release|Any CPU
		{B20AC941-1D61-4FE4-AA4D-2EEC70398F38}.Debug|Any CPU.ActiveCfg = Debug|Any CPU
		{B20AC941-1D61-4FE4-AA4D-2EEC70398F38}.Debug|Any CPU.Build.0 = Debug|Any CPU
		{B20AC941-1D61-4FE4-AA4D-2EEC70398F38}.Release|Any CPU.ActiveCfg = Release|Any CPU
		{B20AC941-1D61-4FE4-AA4D-2EEC70398F38}.Release|Any CPU.Build.0 = Release|Any CPU
	EndGlobalSection
	GlobalSection(SolutionProperties) = preSolution
		HideSolutionNode = FALSE
	EndGlobalSection
	GlobalSection(ExtensibilityGlobals) = postSolution
		SolutionGuid = {A0A58688-B23C-411F-BF99-304764179976}
	EndGlobalSection
EndGlobal
